
Microsoft Visual Studio Solution File, Format Version 12.00
# Visual Studio Version 17
VisualStudioVersion = 17.2.32526.322
MinimumVisualStudioVersion = 10.0.40219.1
Project("{FAE04EC0-301F-11D3-BF4B-00C04F79EFBC}") = "Demo_DreamTeam", "Demo_DreamTeam\Demo_DreamTeam.csproj", "{30AD0AC7-E93C-46AF-9AD0-FE942D5E56E9}"
EndProject
Global
	GlobalSection(SolutionConfigurationPlatforms) = preSolution
		Debug|Any CPU = Debug|Any CPU
		Release|Any CPU = Release|Any CPU
	EndGlobalSection
	GlobalSection(ProjectConfigurationPlatforms) = postSolution
		{30AD0AC7-E93C-46AF-9AD0-FE942D5E56E9}.Debug|Any CPU.ActiveCfg = Debug|Any CPU
		{30AD0AC7-E93C-46AF-9AD0-FE942D5E56E9}.Debug|Any CPU.Build.0 = Debug|Any CPU
		{30AD0AC7-E93C-46AF-9AD0-FE942D5E56E9}.Release|Any CPU.ActiveCfg = Release|Any CPU
		{30AD0AC7-E93C-46AF-9AD0-FE942D5E56E9}.Release|Any CPU.Build.0 = Release|Any CPU
	EndGlobalSection
	GlobalSection(SolutionProperties) = preSolution
		HideSolutionNode = FALSE
	EndGlobalSection
	GlobalSection(ExtensibilityGlobals) = postSolution
		SolutionGuid = {D1D517F0-F284-4EB1-8EDE-00792DD9F847}
	EndGlobalSection
EndGlobal
